
Microsoft Visual Studio Solution File, Format Version 12.00
# Visual Studio 15
VisualStudioVersion = 15.0.27703.2026
MinimumVisualStudioVersion = 10.0.40219.1
Project("{8BC9CEB8-8B4A-11D0-8D11-00A0C91BC942}") = "Chapter6_30.2", "Chapter6_30.2\Chapter6_30.2.vcxproj", "{6DEFBDAC-94C3-4E3A-B9D0-0B397FE3F812}"
EndProject
Global
	GlobalSection(SolutionConfigurationPlatforms) = preSolution
		Debug|x64 = Debug|x64
		Debug|x86 = Debug|x86
		Release|x64 = Release|x64
		Release|x86 = Release|x86
	EndGlobalSection
	GlobalSection(ProjectConfigurationPlatforms) = postSolution
		{6DEFBDAC-94C3-4E3A-B9D0-0B397FE3F812}.Debug|x64.ActiveCfg = Debug|x64
		{6DEFBDAC-94C3-4E3A-B9D0-0B397FE3F812}.Debug|x64.Build.0 = Debug|x64
		{6DEFBDAC-94C3-4E3A-B9D0-0B397FE3F812}.Debug|x86.ActiveCfg = Debug|Win32
		{6DEFBDAC-94C3-4E3A-B9D0-0B397FE3F812}.Debug|x86.Build.0 = Debug|Win32
		{6DEFBDAC-94C3-4E3A-B9D0-0B397FE3F812}.Release|x64.ActiveCfg = Release|x64
		{6DEFBDAC-94C3-4E3A-B9D0-0B397FE3F812}.Release|x64.Build.0 = Release|x64
		{6DEFBDAC-94C3-4E3A-B9D0-0B397FE3F812}.Release|x86.ActiveCfg = Release|Win32
		{6DEFBDAC-94C3-4E3A-B9D0-0B397FE3F812}.Release|x86.Build.0 = Release|Win32
	EndGlobalSection
	GlobalSection(SolutionProperties) = preSolution
		HideSolutionNode = FALSE
	EndGlobalSection
	GlobalSection(ExtensibilityGlobals) = postSolution
		SolutionGuid = {07992C19-CAA4-4073-A61D-B5ACF91C6DA6}
	EndGlobalSection
EndGlobal
