
Microsoft Visual Studio Solution File, Format Version 12.00
# Visual Studio 15
VisualStudioVersion = 15.0.27703.2026
MinimumVisualStudioVersion = 10.0.40219.1
Project("{8BC9CEB8-8B4A-11D0-8D11-00A0C91BC942}") = "chapter2_26", "chapter2_26\chapter2_26.vcxproj", "{89ED20EE-615A-4C8F-957A-28B391A1D231}"
EndProject
Global
	GlobalSection(SolutionConfigurationPlatforms) = preSolution
		Debug|x64 = Debug|x64
		Debug|x86 = Debug|x86
		Release|x64 = Release|x64
		Release|x86 = Release|x86
	EndGlobalSection
	GlobalSection(ProjectConfigurationPlatforms) = postSolution
		{89ED20EE-615A-4C8F-957A-28B391A1D231}.Debug|x64.ActiveCfg = Debug|x64
		{89ED20EE-615A-4C8F-957A-28B391A1D231}.Debug|x64.Build.0 = Debug|x64
		{89ED20EE-615A-4C8F-957A-28B391A1D231}.Debug|x86.ActiveCfg = Debug|Win32
		{89ED20EE-615A-4C8F-957A-28B391A1D231}.Debug|x86.Build.0 = Debug|Win32
		{89ED20EE-615A-4C8F-957A-28B391A1D231}.Release|x64.ActiveCfg = Release|x64
		{89ED20EE-615A-4C8F-957A-28B391A1D231}.Release|x64.Build.0 = Release|x64
		{89ED20EE-615A-4C8F-957A-28B391A1D231}.Release|x86.ActiveCfg = Release|Win32
		{89ED20EE-615A-4C8F-957A-28B391A1D231}.Release|x86.Build.0 = Release|Win32
	EndGlobalSection
	GlobalSection(SolutionProperties) = preSolution
		HideSolutionNode = FALSE
	EndGlobalSection
	GlobalSection(ExtensibilityGlobals) = postSolution
		SolutionGuid = {F05F5C82-E1D0-452A-AA7D-BCEF32F98E91}
	EndGlobalSection
EndGlobal
